
Microsoft Visual Studio Solution File, Format Version 12.00
# Visual Studio Version 17
VisualStudioVersion = 17.7.34221.43
MinimumVisualStudioVersion = 10.0.40219.1
Project("{9A19103F-16F7-4668-BE54-9A1E7A4F7556}") = "DataAccess", "DataAccess\DataAccess.csproj", "{23F1BE7F-5B18-419C-BDDB-E018FC2F707C}"
EndProject
Project("{9A19103F-16F7-4668-BE54-9A1E7A4F7556}") = "Business", "Business\Business.csproj", "{D46D71F2-6660-41A3-A8E9-E31DBD0BD018}"
EndProject
Project("{9A19103F-16F7-4668-BE54-9A1E7A4F7556}") = "Entities", "Entities\Entities.csproj", "{9118DEC0-C995-40A0-A76B-59B0D81B19E4}"
EndProject
Project("{9A19103F-16F7-4668-BE54-9A1E7A4F7556}") = "ConsoleUI", "ConsoleUI\ConsoleUI.csproj", "{0D41CA76-458B-4846-9C12-970D4E434A31}"
EndProject
Project("{9A19103F-16F7-4668-BE54-9A1E7A4F7556}") = "Core", "Core\Core.csproj", "{30A5E359-C29B-425C-A8B9-984E5C048EA3}"
EndProject
Project("{FAE04EC0-301F-11D3-BF4B-00C04F79EFBC}") = "WebAPI", "WebAPI\WebAPI.csproj", "{70BF0400-783C-4CDA-B7C8-73887DBFBE39}"
EndProject
Global
	GlobalSection(SolutionConfigurationPlatforms) = preSolution
		Debug|Any CPU = Debug|Any CPU
		Release|Any CPU = Release|Any CPU
	EndGlobalSection
	GlobalSection(ProjectConfigurationPlatforms) = postSolution
		{23F1BE7F-5B18-419C-BDDB-E018FC2F707C}.Debug|Any CPU.ActiveCfg = Debug|Any CPU
		{23F1BE7F-5B18-419C-BDDB-E018FC2F707C}.Debug|Any CPU.Build.0 = Debug|Any CPU
		{23F1BE7F-5B18-419C-BDDB-E018FC2F707C}.Release|Any CPU.ActiveCfg = Release|Any CPU
		{23F1BE7F-5B18-419C-BDDB-E018FC2F707C}.Release|Any CPU.Build.0 = Release|Any CPU
		{D46D71F2-6660-41A3-A8E9-E31DBD0BD018}.Debug|Any CPU.ActiveCfg = Debug|Any CPU
		{D46D71F2-6660-41A3-A8E9-E31DBD0BD018}.Debug|Any CPU.Build.0 = Debug|Any CPU
		{D46D71F2-6660-41A3-A8E9-E31DBD0BD018}.Release|Any CPU.ActiveCfg = Release|Any CPU
		{D46D71F2-6660-41A3-A8E9-E31DBD0BD018}.Release|Any CPU.Build.0 = Release|Any CPU
		{9118DEC0-C995-40A0-A76B-59B0D81B19E4}.Debug|Any CPU.ActiveCfg = Debug|Any CPU
		{9118DEC0-C995-40A0-A76B-59B0D81B19E4}.Debug|Any CPU.Build.0 = Debug|Any CPU
		{9118DEC0-C995-40A0-A76B-59B0D81B19E4}.Release|Any CPU.ActiveCfg = Release|Any CPU
		{9118DEC0-C995-40A0-A76B-59B0D81B19E4}.Release|Any CPU.Build.0 = Release|Any CPU
		{0D41CA76-458B-4846-9C12-970D4E434A31}.Debug|Any CPU.ActiveCfg = Debug|Any CPU
		{0D41CA76-458B-4846-9C12-970D4E434A31}.Debug|Any CPU.Build.0 = Debug|Any CPU
		{0D41CA76-458B-4846-9C12-970D4E434A31}.Release|Any CPU.ActiveCfg = Release|Any CPU
		{0D41CA76-458B-4846-9C12-970D4E434A31}.Release|Any CPU.Build.0 = Release|Any CPU
		{30A5E359-C29B-425C-A8B9-984E5C048EA3}.Debug|Any CPU.ActiveCfg = Debug|Any CPU
		{30A5E359-C29B-425C-A8B9-984E5C048EA3}.Debug|Any CPU.Build.0 = Debug|Any CPU
		{30A5E359-C29B-425C-A8B9-984E5C048EA3}.Release|Any CPU.ActiveCfg = Release|Any CPU
		{30A5E359-C29B-425C-A8B9-984E5C048EA3}.Release|Any CPU.Build.0 = Release|Any CPU
		{70BF0400-783C-4CDA-B7C8-73887DBFBE39}.Debug|Any CPU.ActiveCfg = Debug|Any CPU
		{70BF0400-783C-4CDA-B7C8-73887DBFBE39}.Debug|Any CPU.Build.0 = Debug|Any CPU
		{70BF0400-783C-4CDA-B7C8-73887DBFBE39}.Release|Any CPU.ActiveCfg = Release|Any CPU
		{70BF0400-783C-4CDA-B7C8-73887DBFBE39}.Release|Any CPU.Build.0 = Release|Any CPU
	EndGlobalSection
	GlobalSection(SolutionProperties) = preSolution
		HideSolutionNode = FALSE
	EndGlobalSection
	GlobalSection(ExtensibilityGlobals) = postSolution
		SolutionGuid = {19237D65-27FF-4A57-B10E-DFA0C0A9CA47}
	EndGlobalSection
EndGlobal
